// !$*UTF8*$!
{
	archiveVersion = 1;
	classes = {
	};
	objectVersion = 50;
	objects = {

/* Begin PBXBuildFile section */
		538B385224133E060023F69D /* AppDelegate.swift in Sources */ = {isa = PBXBuildFile; fileRef = 538B385124133E060023F69D /* AppDelegate.swift */; };
		538B385424133E060023F69D /* SceneDelegate.swift in Sources */ = {isa = PBXBuildFile; fileRef = 538B385324133E060023F69D /* SceneDelegate.swift */; };
		538B385624133E060023F69D /* ViewController.swift in Sources */ = {isa = PBXBuildFile; fileRef = 538B385524133E060023F69D /* ViewController.swift */; };
		538B385924133E060023F69D /* Main.storyboard in Resources */ = {isa = PBXBuildFile; fileRef = 538B385724133E060023F69D /* Main.storyboard */; };
		538B385B24133E070023F69D /* Assets.xcassets in Resources */ = {isa = PBXBuildFile; fileRef = 538B385A24133E070023F69D /* Assets.xcassets */; };
		538B385E24133E070023F69D /* LaunchScreen.storyboard in Resources */ = {isa = PBXBuildFile; fileRef = 538B385C24133E070023F69D /* LaunchScreen.storyboard */; };
		836280B11F60D2E8B390336A /* Pods_DropDownSwift5.framework in Frameworks */ = {isa = PBXBuildFile; fileRef = 3EC5073B9FD342FFF87CB680 /* Pods_DropDownSwift5.framework */; };
/* End PBXBuildFile section */

/* Begin PBXFileReference section */
		3760B9F75F3BE42D11C6CECD /* Pods-DropDownSwift5.debug.xcconfig */ = {isa = PBXFileReference; includeInIndex = 1; lastKnownFileType = text.xcconfig; name = "Pods-DropDownSwift5.debug.xcconfig"; path = "Target Support Files/Pods-DropDownSwift5/Pods-DropDownSwift5.debug.xcconfig"; sourceTree = "<group>"; };
		3EC5073B9FD342FFF87CB680 /* Pods_DropDownSwift5.framework */ = {isa = PBXFileReference; explicitFileType = wrapper.framework; includeInIndex = 0; path = Pods_DropDownSwift5.framework; sourceTree = BUILT_PRODUCTS_DIR; };
		538B384E24133E060023F69D /* DropDownSwift5.app */ = {isa = PBXFileReference; explicitFileType = wrapper.application; includeInIndex = 0; path = DropDownSwift5.app; sourceTree = BUILT_PRODUCTS_DIR; };
		538B385124133E060023F69D /* AppDelegate.swift */ = {isa = PBXFileReference; lastKnownFileType = sourcecode.swift; path = AppDelegate.swift; sourceTree = "<group>"; };
		538B385324133E060023F69D /* SceneDelegate.swift */ = {isa = PBXFileReference; lastKnownFileType = sourcecode.swift; path = SceneDelegate.swift; sourceTree = "<group>"; };
		538B385524133E060023F69D /* ViewController.swift */ = {isa = PBXFileReference; lastKnownFileType = sourcecode.swift; path = ViewController.swift; sourceTree = "<group>"; };
		538B385824133E060023F69D /* Base */ = {isa = PBXFileReference; lastKnownFileType = file.storyboard; name = Base; path = Base.lproj/Main.storyboard; sourceTree = "<group>"; };
		538B385A24133E070023F69D /* Assets.xcassets */ = {isa = PBXFileReference; lastKnownFileType = folder.assetcatalog; path = Assets.xcassets; sourceTree = "<group>"; };
		538B385D24133E070023F69D /* Base */ = {isa = PBXFileReference; lastKnownFileType = file.storyboard; name = Base; path = Base.lproj/LaunchScreen.storyboard; sourceTree = "<group>"; };
		538B385F24133E070023F69D /* Info.plist */ = {isa = PBXFileReference; lastKnownFileType = text.plist.xml; path = Info.plist; sourceTree = "<group>"; };
		91CA6CD38AAFAD20F66DCA48 /* Pods-DropDownSwift5.release.xcconfig */ = {isa = PBXFileReference; includeInIndex = 1; lastKnownFileType = text.xcconfig; name = "Pods-DropDownSwift5.release.xcconfig"; path = "Target Support Files/Pods-DropDownSwift5/Pods-DropDownSwift5.release.xcconfig"; sourceTree = "<group>"; };
/* End PBXFileReference section */

/* Begin PBXFrameworksBuildPhase section */
		538B384B24133E060023F69D /* Frameworks */ = {
			isa = PBXFrameworksBuildPhase;
			buildActionMask = 2147483647;
			files = (
				836280B11F60D2E8B390336A /* Pods_DropDownSwift5.framework in Frameworks */,
			);
			runOnlyForDeploymentPostprocessing = 0;
		};
/* End PBXFrameworksBuildPhase section */

/* Begin PBXGroup section */
		14165429D58D4DB2778B0429 /* Pods */ = {
			isa = PBXGroup;
			children = (
				3760B9F75F3BE42D11C6CECD /* Pods-DropDownSwift5.debug.xcconfig */,
				91CA6CD38AAFAD20F66DCA48 /* Pods-DropDownSwift5.release.xcconfig */,
			);
			name = Pods;
			path = Pods;
			sourceTree = "<group>";
		};
		3272B0E7AC86E9D9BD688BC1 /* Frameworks */ = {
			isa = PBXGroup;
			children = (
				3EC5073B9FD342FFF87CB680 /* Pods_DropDownSwift5.framework */,
			);
			name = Frameworks;
			sourceTree = "<group>";
		};
		538B384524133E060023F69D = {
			isa = PBXGroup;
			children = (
				538B385024133E060023F69D /* DropDownSwift5 */,
				538B384F24133E060023F69D /* Products */,
				14165429D58D4DB2778B0429 /* Pods */,
				3272B0E7AC86E9D9BD688BC1 /* Frameworks */,
			);
			sourceTree = "<group>";
		};
		538B384F24133E060023F69D /* Products */ = {
			isa = PBXGroup;
			children = (
				538B384E24133E060023F69D /* DropDownSwift5.app */,
			);
			name = Products;
			sourceTree = "<group>";
		};
		538B385024133E060023F69D /* DropDownSwift5 */ = {
			isa = PBXGroup;
			children = (
				538B385124133E060023F69D /* AppDelegate.swift */,
				538B385324133E060023F69D /* SceneDelegate.swift */,
				538B385524133E060023F69D /* ViewController.swift */,
				538B385724133E060023F69D /* Main.storyboard */,
				538B385A24133E070023F69D /* Assets.xcassets */,
				538B385C24133E070023F69D /* LaunchScreen.storyboard */,
				538B385F24133E070023F69D /* Info.plist */,
			);
			path = DropDownSwift5;
			sourceTree = "<group>";
		};
/* End PBXGroup section */

/* Begin PBXNativeTarget section */
		538B384D24133E060023F69D /* DropDownSwift5 */ = {
			isa = PBXNativeTarget;
			buildConfigurationList = 538B386224133E070023F69D /* Build configuration list for PBXNativeTarget "DropDownSwift5" */;
			buildPhases = (
				DD63009F8F8D7159D917908F /* [CP] Check Pods Manifest.lock */,
				538B384A24133E060023F69D /* Sources */,
				538B384B24133E060023F69D /* Frameworks */,
				538B384C24133E060023F69D /* Resources */,
				FBC595400CD4CF1271DFF052 /* [CP] Embed Pods Frameworks */,
			);
			buildRules = (
			);
			dependencies = (
			);
			name = DropDownSwift5;
			productName = DropDownSwift5;
			productReference = 538B384E24133E060023F69D /* DropDownSwift5.app */;
			productType = "com.apple.product-type.application";
		};
/* End PBXNativeTarget section */

/* Begin PBXProject section */
		538B384624133E060023F69D /* Project object */ = {
			isa = PBXProject;
			attributes = {
				LastSwiftUpdateCheck = 1120;
				LastUpgradeCheck = 1120;
				ORGANIZATIONNAME = "Ngô Bảo Châu";
				TargetAttributes = {
					538B384D24133E060023F69D = {
						CreatedOnToolsVersion = 11.2.1;
					};
				};
			};
			buildConfigurationList = 538B384924133E060023F69D /* Build configuration list for PBXProject "DropDownSwift5" */;
			compatibilityVersion = "Xcode 9.3";
			developmentRegion = en;
			hasScannedForEncodings = 0;
			knownRegions = (
				en,
				Base,
			);
			mainGroup = 538B384524133E060023F69D;
			productRefGroup = 538B384F24133E060023F69D /* Products */;
			projectDirPath = "";
			projectRoot = "";
			targets = (
				538B384D24133E060023F69D /* DropDownSwift5 */,
			);
		};
/* End PBXProject section */

/* Begin PBXResourcesBuildPhase section */
		538B384C24133E060023F69D /* Resources */ = {
			isa = PBXResourcesBuildPhase;
			buildActionMask = 2147483647;
			files = (
				538B385E24133E070023F69D /* LaunchScreen.storyboard in Resources */,
				538B385B24133E070023F69D /* Assets.xcassets in Resources */,
				538B385924133E060023F69D /* Main.storyboard in Resources */,
			);
			runOnlyForDeploymentPostprocessing = 0;
		};
/* End PBXResourcesBuildPhase section */

/* Begin PBXShellScriptBuildPhase section */
		DD63009F8F8D7159D917908F /* [CP] Check Pods Manifest.lock */ = {
			isa = PBXShellScriptBuildPhase;
			buildActionMask = 2147483647;
			files = (
			);
			inputFileListPaths = (
			);
			inputPaths = (
				"${PODS_PODFILE_DIR_PATH}/Podfile.lock",
				"${PODS_ROOT}/Manifest.lock",
			);
			name = "[CP] Check Pods Manifest.lock";
			outputFileListPaths = (
			);
			outputPaths = (
				"$(DERIVED_FILE_DIR)/Pods-DropDownSwift5-checkManifestLockResult.txt",
			);
			runOnlyForDeploymentPostprocessing = 0;
			shellPath = /bin/sh;
			shellScript = "diff \"${PODS_PODFILE_DIR_PATH}/Podfile.lock\" \"${PODS_ROOT}/Manifest.lock\" > /dev/null\nif [ $? != 0 ] ; then\n    # print error to STDERR\n    echo \"error: The sandbox is not in sync with the Podfile.lock. Run 'pod install' or update your CocoaPods installation.\" >&2\n    exit 1\nfi\n# This output is used by Xcode 'outputs' to avoid re-running this script phase.\necho \"SUCCESS\" > \"${SCRIPT_OUTPUT_FILE_0}\"\n";
			showEnvVarsInLog = 0;
		};
		FBC595400CD4CF1271DFF052 /* [CP] Embed Pods Frameworks */ = {
			isa = PBXShellScriptBuildPhase;
			buildActionMask = 2147483647;
			files = (
			);
			inputFileListPaths = (
				"${PODS_ROOT}/Target Support Files/Pods-DropDownSwift5/Pods-DropDownSwift5-frameworks-${CONFIGURATION}-input-files.xcfilelist",
			);
			name = "[CP] Embed Pods Frameworks";
			outputFileListPaths = (
				"${PODS_ROOT}/Target Support Files/Pods-DropDownSwift5/Pods-DropDownSwift5-frameworks-${CONFIGURATION}-output-files.xcfilelist",
			);
			runOnlyForDeploymentPostprocessing = 0;
			shellPath = /bin/sh;
			shellScript = "\"${PODS_ROOT}/Target Support Files/Pods-DropDownSwift5/Pods-DropDownSwift5-frameworks.sh\"\n";
			showEnvVarsInLog = 0;
		};
/* End PBXShellScriptBuildPhase section */

/* Begin PBXSourcesBuildPhase section */
		538B384A24133E060023F69D /* Sources */ = {
			isa = PBXSourcesBuildPhase;
			buildActionMask = 2147483647;
			files = (
				538B385624133E060023F69D /* ViewController.swift in Sources */,
				538B385224133E060023F69D /* AppDelegate.swift in Sources */,
				538B385424133E060023F69D /* SceneDelegate.swift in Sources */,
			);
			runOnlyForDeploymentPostprocessing = 0;
		};
/* End PBXSourcesBuildPhase section */

/* Begin PBXVariantGroup section */
		538B385724133E060023F69D /* Main.storyboard */ = {
			isa = PBXVariantGroup;
			children = (
				538B385824133E060023F69D /* Base */,
			);
			name = Main.storyboard;
			sourceTree = "<group>";
		};
		538B385C24133E070023F69D /* LaunchScreen.storyboard */ = {
			isa = PBXVariantGroup;
			children = (
				538B385D24133E070023F69D /* Base */,
			);
			name = LaunchScreen.storyboard;
			sourceTree = "<group>";
		};
/* End PBXVariantGroup section */

/* Begin XCBuildConfiguration section */
		538B386024133E070023F69D /* Debug */ = {
			isa = XCBuildConfiguration;
			buildSettings = {
				ALWAYS_SEARCH_USER_PATHS = NO;
				CLANG_ANALYZER_NONNULL = YES;
				CLANG_ANALYZER_NUMBER_OBJECT_CONVERSION = YES_AGGRESSIVE;
				CLANG_CXX_LANGUAGE_STANDARD = "gnu++14";
				CLANG_CXX_LIBRARY = "libc++";
				CLANG_ENABLE_MODULES = YES;
				CLANG_ENABLE_OBJC_ARC = YES;
				CLANG_ENABLE_OBJC_WEAK = YES;
				CLANG_WARN_BLOCK_CAPTURE_AUTORELEASING = YES;
				CLANG_WARN_BOOL_CONVERSION = YES;
				CLANG_WARN_COMMA = YES;
				CLANG_WARN_CONSTANT_CONVERSION = YES;
				CLANG_WARN_DEPRECATED_OBJC_IMPLEMENTATIONS = YES;
				CLANG_WARN_DIRECT_OBJC_ISA_USAGE = YES_ERROR;
				CLANG_WARN_DOCUMENTATION_COMMENTS = YES;
				CLANG_WARN_EMPTY_BODY = YES;
				CLANG_WARN_ENUM_CONVERSION = YES;
				CLANG_WARN_INFINITE_RECURSION = YES;
				CLANG_WARN_INT_CONVERSION = YES;
				CLANG_WARN_NON_LITERAL_NULL_CONVERSION = YES;
				CLANG_WARN_OBJC_IMPLICIT_RETAIN_SELF = YES;
				CLANG_WARN_OBJC_LITERAL_CONVERSION = YES;
				CLANG_WARN_OBJC_ROOT_CLASS = YES_ERROR;
				CLANG_WARN_RANGE_LOOP_ANALYSIS = YES;
				CLANG_WARN_STRICT_PROTOTYPES = YES;
				CLANG_WARN_SUSPICIOUS_MOVE = YES;
				CLANG_WARN_UNGUARDED_AVAILABILITY = YES_AGGRESSIVE;
				CLANG_WARN_UNREACHABLE_CODE = YES;
				CLANG_WARN__DUPLICATE_METHOD_MATCH = YES;
				COPY_PHASE_STRIP = NO;
				DEBUG_INFORMATION_FORMAT = dwarf;
				ENABLE_STRICT_OBJC_MSGSEND = YES;
				ENABLE_TESTABILITY = YES;
				GCC_C_LANGUAGE_STANDARD = gnu11;
				GCC_DYNAMIC_NO_PIC = NO;
				GCC_NO_COMMON_BLOCKS = YES;
				GCC_OPTIMIZATION_LEVEL = 0;
				GCC_PREPROCESSOR_DEFINITIONS = (
					"DEBUG=1",
					"$(inherited)",
				);
				GCC_WARN_64_TO_32_BIT_CONVERSION = YES;
				GCC_WARN_ABOUT_RETURN_TYPE = YES_ERROR;
				GCC_WARN_UNDECLARED_SELECTOR = YES;
				GCC_WARN_UNINITIALIZED_AUTOS = YES_AGGRESSIVE;
				GCC_WARN_UNUSED_FUNCTION = YES;
				GCC_WARN_UNUSED_VARIABLE = YES;
				IPHONEOS_DEPLOYMENT_TARGET = 13.2;
				MTL_ENABLE_DEBUG_INFO = INCLUDE_SOURCE;
				MTL_FAST_MATH = YES;
				ONLY_ACTIVE_ARCH = YES;
				SDKROOT = iphoneos;
				SWIFT_ACTIVE_COMPILATION_CONDITIONS = DEBUG;
				SWIFT_OPTIMIZATION_LEVEL = "-Onone";
			};
			name = Debug;
		};
		538B386124133E070023F69D /* Release */ = {
			isa = XCBuildConfiguration;
			buildSettings = {
				ALWAYS_SEARCH_USER_PATHS = NO;
				CLANG_ANALYZER_NONNULL = YES;
				CLANG_ANALYZER_NUMBER_OBJECT_CONVERSION = YES_AGGRESSIVE;
				CLANG_CXX_LANGUAGE_STANDARD = "gnu++14";
				CLANG_CXX_LIBRARY = "libc++";
				CLANG_ENABLE_MODULES = YES;
				CLANG_ENABLE_OBJC_ARC = YES;
				CLANG_ENABLE_OBJC_WEAK = YES;
				CLANG_WARN_BLOCK_CAPTURE_AUTORELEASING = YES;
				CLANG_WARN_BOOL_CONVERSION = YES;
				CLANG_WARN_COMMA = YES;
				CLANG_WARN_CONSTANT_CONVERSION = YES;
				CLANG_WARN_DEPRECATED_OBJC_IMPLEMENTATIONS = YES;
				CLANG_WARN_DIRECT_OBJC_ISA_USAGE = YES_ERROR;
				CLANG_WARN_DOCUMENTATION_COMMENTS = YES;
				CLANG_WARN_EMPTY_BODY = YES;
				CLANG_WARN_ENUM_CONVERSION = YES;
				CLANG_WARN_INFINITE_RECURSION = YES;
				CLANG_WARN_INT_CONVERSION = YES;
				CLANG_WARN_NON_LITERAL_NULL_CONVERSION = YES;
				CLANG_WARN_OBJC_IMPLICIT_RETAIN_SELF = YES;
				CLANG_WARN_OBJC_LITERAL_CONVERSION = YES;
				CLANG_WARN_OBJC_ROOT_CLASS = YES_ERROR;
				CLANG_WARN_RANGE_LOOP_ANALYSIS = YES;
				CLANG_WARN_STRICT_PROTOTYPES = YES;
				CLANG_WARN_SUSPICIOUS_MOVE = YES;
				CLANG_WARN_UNGUARDED_AVAILABILITY = YES_AGGRESSIVE;
				CLANG_WARN_UNREACHABLE_CODE = YES;
				CLANG_WARN__DUPLICATE_METHOD_MATCH = YES;
				COPY_PHASE_STRIP = NO;
				DEBUG_INFORMATION_FORMAT = "dwarf-with-dsym";
				ENABLE_NS_ASSERTIONS = NO;
				ENABLE_STRICT_OBJC_MSGSEND = YES;
				GCC_C_LANGUAGE_STANDARD = gnu11;
				GCC_NO_COMMON_BLOCKS = YES;
				GCC_WARN_64_TO_32_BIT_CONVERSION = YES;
				GCC_WARN_ABOUT_RETURN_TYPE = YES_ERROR;
				GCC_WARN_UNDECLARED_SELECTOR = YES;
				GCC_WARN_UNINITIALIZED_AUTOS = YES_AGGRESSIVE;
				GCC_WARN_UNUSED_FUNCTION = YES;
				GCC_WARN_UNUSED_VARIABLE = YES;
				IPHONEOS_DEPLOYMENT_TARGET = 13.2;
				MTL_ENABLE_DEBUG_INFO = NO;
				MTL_FAST_MATH = YES;
				SDKROOT = iphoneos;
				SWIFT_COMPILATION_MODE = wholemodule;
				SWIFT_OPTIMIZATION_LEVEL = "-O";
				VALIDATE_PRODUCT = YES;
			};
			name = Release;
		};
		538B386324133E070023F69D /* Debug */ = {
			isa = XCBuildConfiguration;
			baseConfigurationReference = 3760B9F75F3BE42D11C6CECD /* Pods-DropDownSwift5.debug.xcconfig */;
			buildSettings = {
				ASSETCATALOG_COMPILER_APPICON_NAME = AppIcon;
				CODE_SIGN_STYLE = Automatic;
				INFOPLIST_FILE = DropDownSwift5/Info.plist;
				LD_RUNPATH_SEARCH_PATHS = (
					"$(inherited)",
					"@executable_path/Frameworks",
				);
				PRODUCT_BUNDLE_IDENTIFIER = CuongDD.DropDownSwift5;
				PRODUCT_NAME = "$(TARGET_NAME)";
				SWIFT_VERSION = 5.0;
				TARGETED_DEVICE_FAMILY = "1,2";
			};
			name = Debug;
		};
		538B386424133E070023F69D /* Release */ = {
			isa = XCBuildConfiguration;
			baseConfigurationReference = 91CA6CD38AAFAD20F66DCA48 /* Pods-DropDownSwift5.release.xcconfig */;
			buildSettings = {
				ASSETCATALOG_COMPILER_APPICON_NAME = AppIcon;
				CODE_SIGN_STYLE = Automatic;
				INFOPLIST_FILE = DropDownSwift5/Info.plist;
				LD_RUNPATH_SEARCH_PATHS = (
					"$(inherited)",
					"@executable_path/Frameworks",
				);
				PRODUCT_BUNDLE_IDENTIFIER = CuongDD.DropDownSwift5;
				PRODUCT_NAME = "$(TARGET_NAME)";
				SWIFT_VERSION = 5.0;
				TARGETED_DEVICE_FAMILY = "1,2";
			};
			name = Release;
		};
/* End XCBuildConfiguration section */

/* Begin XCConfigurationList section */
		538B384924133E060023F69D /* Build configuration list for PBXProject "DropDownSwift5" */ = {
			isa = XCConfigurationList;
			buildConfigurations = (
				538B386024133E070023F69D /* Debug */,
				538B386124133E070023F69D /* Release */,
			);
			defaultConfigurationIsVisible = 0;
			defaultConfigurationName = Release;
		};
		538B386224133E070023F69D /* Build configuration list for PBXNativeTarget "DropDownSwift5" */ = {
			isa = XCConfigurationList;
			buildConfigurations = (
				538B386324133E070023F69D /* Debug */,
				538B386424133E070023F69D /* Release */,
			);
			defaultConfigurationIsVisible = 0;
			defaultConfigurationName = Release;
		};
/* End XCConfigurationList section */
	};
	rootObject = 538B384624133E060023F69D /* Project object */;
}
